
Microsoft Visual Studio Solution File, Format Version 12.00
# Visual Studio 2013
VisualStudioVersion = 12.0.30110.0
MinimumVisualStudioVersion = 10.0.40219.1
Project("{FAE04EC0-301F-11D3-BF4B-00C04F79EFBC}") = "CloudPhotoApp", "CloudPhotoApp\CloudPhotoApp.csproj", "{BA9ACA55-06AF-4B98-9B65-BEBE4650FCDB}"
EndProject
Project("{FAE04EC0-301F-11D3-BF4B-00C04F79EFBC}") = "CloudPhotoApp.Storage", "CloudPhotoApp.Storage\CloudPhotoApp.Storage\CloudPhotoApp.Storage.csproj", "{20BAAE64-FA4E-4597-93F9-15A6D1B89D13}"
EndProject
Global
	GlobalSection(SolutionConfigurationPlatforms) = preSolution
		Debug|Any CPU = Debug|Any CPU
		Release|Any CPU = Release|Any CPU
	EndGlobalSection
	GlobalSection(ProjectConfigurationPlatforms) = postSolution
		{BA9ACA55-06AF-4B98-9B65-BEBE4650FCDB}.Debug|Any CPU.ActiveCfg = Debug|Any CPU
		{BA9ACA55-06AF-4B98-9B65-BEBE4650FCDB}.Debug|Any CPU.Build.0 = Debug|Any CPU
		{BA9ACA55-06AF-4B98-9B65-BEBE4650FCDB}.Release|Any CPU.ActiveCfg = Release|Any CPU
		{BA9ACA55-06AF-4B98-9B65-BEBE4650FCDB}.Release|Any CPU.Build.0 = Release|Any CPU
		{20BAAE64-FA4E-4597-93F9-15A6D1B89D13}.Debug|Any CPU.ActiveCfg = Debug|Any CPU
		{20BAAE64-FA4E-4597-93F9-15A6D1B89D13}.Debug|Any CPU.Build.0 = Debug|Any CPU
		{20BAAE64-FA4E-4597-93F9-15A6D1B89D13}.Release|Any CPU.ActiveCfg = Release|Any CPU
		{20BAAE64-FA4E-4597-93F9-15A6D1B89D13}.Release|Any CPU.Build.0 = Release|Any CPU
	EndGlobalSection
	GlobalSection(SolutionProperties) = preSolution
		HideSolutionNode = FALSE
	EndGlobalSection
EndGlobal
